
Microsoft Visual Studio Solution File, Format Version 12.00
# Visual Studio Version 17
VisualStudioVersion = 17.11.35222.181
MinimumVisualStudioVersion = 10.0.40219.1
Project("{FAE04EC0-301F-11D3-BF4B-00C04F79EFBC}") = "UniTask Hub", "UniTask Hub\UniTask Hub.csproj", "{68981191-CDC1-49AD-85FC-466EC8492DA9}"
EndProject
Global
	GlobalSection(SolutionConfigurationPlatforms) = preSolution
		Debug|Any CPU = Debug|Any CPU
		Release|Any CPU = Release|Any CPU
	EndGlobalSection
	GlobalSection(ProjectConfigurationPlatforms) = postSolution
		{68981191-CDC1-49AD-85FC-466EC8492DA9}.Debug|Any CPU.ActiveCfg = Debug|Any CPU
		{68981191-CDC1-49AD-85FC-466EC8492DA9}.Debug|Any CPU.Build.0 = Debug|Any CPU
		{68981191-CDC1-49AD-85FC-466EC8492DA9}.Release|Any CPU.ActiveCfg = Release|Any CPU
		{68981191-CDC1-49AD-85FC-466EC8492DA9}.Release|Any CPU.Build.0 = Release|Any CPU
	EndGlobalSection
	GlobalSection(SolutionProperties) = preSolution
		HideSolutionNode = FALSE
	EndGlobalSection
	GlobalSection(ExtensibilityGlobals) = postSolution
		SolutionGuid = {46B8652A-3B92-41BB-B19C-63D9877984F0}
	EndGlobalSection
EndGlobal
